
Microsoft Visual Studio Solution File, Format Version 12.00
# Visual Studio 14
VisualStudioVersion = 14.0.25420.1
MinimumVisualStudioVersion = 10.0.40219.1
Project("{FAE04EC0-301F-11D3-BF4B-00C04F79EFBC}") = "ManageDB", "ManageDB\ManageDB.csproj", "{2499D9AA-F6E5-4613-9CB5-3CA9536E821F}"
EndProject
Project("{FAE04EC0-301F-11D3-BF4B-00C04F79EFBC}") = "ManageDB.Tests", "ManageDB.Tests\ManageDB.Tests.csproj", "{FE9D8D3D-6899-48C0-9E25-AEA26E720DA8}"
EndProject
Global
	GlobalSection(SolutionConfigurationPlatforms) = preSolution
		Debug|Any CPU = Debug|Any CPU
		Release|Any CPU = Release|Any CPU
	EndGlobalSection
	GlobalSection(ProjectConfigurationPlatforms) = postSolution
		{2499D9AA-F6E5-4613-9CB5-3CA9536E821F}.Debug|Any CPU.ActiveCfg = Debug|Any CPU
		{2499D9AA-F6E5-4613-9CB5-3CA9536E821F}.Debug|Any CPU.Build.0 = Debug|Any CPU
		{2499D9AA-F6E5-4613-9CB5-3CA9536E821F}.Release|Any CPU.ActiveCfg = Release|Any CPU
		{2499D9AA-F6E5-4613-9CB5-3CA9536E821F}.Release|Any CPU.Build.0 = Release|Any CPU
		{FE9D8D3D-6899-48C0-9E25-AEA26E720DA8}.Debug|Any CPU.ActiveCfg = Debug|Any CPU
		{FE9D8D3D-6899-48C0-9E25-AEA26E720DA8}.Debug|Any CPU.Build.0 = Debug|Any CPU
		{FE9D8D3D-6899-48C0-9E25-AEA26E720DA8}.Release|Any CPU.ActiveCfg = Release|Any CPU
		{FE9D8D3D-6899-48C0-9E25-AEA26E720DA8}.Release|Any CPU.Build.0 = Release|Any CPU
	EndGlobalSection
	GlobalSection(SolutionProperties) = preSolution
		HideSolutionNode = FALSE
	EndGlobalSection
EndGlobal
